
Microsoft Visual Studio Solution File, Format Version 12.00
# Visual Studio 15
VisualStudioVersion = 15.0.26124.0
MinimumVisualStudioVersion = 15.0.26124.0
Project("{2150E333-8FDC-42A3-9474-1A3956D46DE8}") = "src", "src", "{8F499097-5B59-4843-BF9D-08F8783532EC}"
EndProject
Project("{FAE04EC0-301F-11D3-BF4B-00C04F79EFBC}") = "SimpleAPI", "src\SimpleAPI\SimpleAPI.csproj", "{983DAC27-7406-4445-B246-CB51A7289155}"
EndProject
Project("{2150E333-8FDC-42A3-9474-1A3956D46DE8}") = "test", "test", "{FFE64724-B055-4389-B527-A5FDC900E537}"
EndProject
Project("{FAE04EC0-301F-11D3-BF4B-00C04F79EFBC}") = "SimpleAPI.Test", "test\SimpleAPI.Test\SimpleAPI.Test.csproj", "{A09BE53A-9783-4CF0-B544-0B43C20EF0BA}"
EndProject
Global
	GlobalSection(SolutionConfigurationPlatforms) = preSolution
		Debug|Any CPU = Debug|Any CPU
		Debug|x64 = Debug|x64
		Debug|x86 = Debug|x86
		Release|Any CPU = Release|Any CPU
		Release|x64 = Release|x64
		Release|x86 = Release|x86
	EndGlobalSection
	GlobalSection(SolutionProperties) = preSolution
		HideSolutionNode = FALSE
	EndGlobalSection
	GlobalSection(ProjectConfigurationPlatforms) = postSolution
		{983DAC27-7406-4445-B246-CB51A7289155}.Debug|Any CPU.ActiveCfg = Debug|Any CPU
		{983DAC27-7406-4445-B246-CB51A7289155}.Debug|Any CPU.Build.0 = Debug|Any CPU
		{983DAC27-7406-4445-B246-CB51A7289155}.Debug|x64.ActiveCfg = Debug|Any CPU
		{983DAC27-7406-4445-B246-CB51A7289155}.Debug|x64.Build.0 = Debug|Any CPU
		{983DAC27-7406-4445-B246-CB51A7289155}.Debug|x86.ActiveCfg = Debug|Any CPU
		{983DAC27-7406-4445-B246-CB51A7289155}.Debug|x86.Build.0 = Debug|Any CPU
		{983DAC27-7406-4445-B246-CB51A7289155}.Release|Any CPU.ActiveCfg = Release|Any CPU
		{983DAC27-7406-4445-B246-CB51A7289155}.Release|Any CPU.Build.0 = Release|Any CPU
		{983DAC27-7406-4445-B246-CB51A7289155}.Release|x64.ActiveCfg = Release|Any CPU
		{983DAC27-7406-4445-B246-CB51A7289155}.Release|x64.Build.0 = Release|Any CPU
		{983DAC27-7406-4445-B246-CB51A7289155}.Release|x86.ActiveCfg = Release|Any CPU
		{983DAC27-7406-4445-B246-CB51A7289155}.Release|x86.Build.0 = Release|Any CPU
		{A09BE53A-9783-4CF0-B544-0B43C20EF0BA}.Debug|Any CPU.ActiveCfg = Debug|Any CPU
		{A09BE53A-9783-4CF0-B544-0B43C20EF0BA}.Debug|Any CPU.Build.0 = Debug|Any CPU
		{A09BE53A-9783-4CF0-B544-0B43C20EF0BA}.Debug|x64.ActiveCfg = Debug|Any CPU
		{A09BE53A-9783-4CF0-B544-0B43C20EF0BA}.Debug|x64.Build.0 = Debug|Any CPU
		{A09BE53A-9783-4CF0-B544-0B43C20EF0BA}.Debug|x86.ActiveCfg = Debug|Any CPU
		{A09BE53A-9783-4CF0-B544-0B43C20EF0BA}.Debug|x86.Build.0 = Debug|Any CPU
		{A09BE53A-9783-4CF0-B544-0B43C20EF0BA}.Release|Any CPU.ActiveCfg = Release|Any CPU
		{A09BE53A-9783-4CF0-B544-0B43C20EF0BA}.Release|Any CPU.Build.0 = Release|Any CPU
		{A09BE53A-9783-4CF0-B544-0B43C20EF0BA}.Release|x64.ActiveCfg = Release|Any CPU
		{A09BE53A-9783-4CF0-B544-0B43C20EF0BA}.Release|x64.Build.0 = Release|Any CPU
		{A09BE53A-9783-4CF0-B544-0B43C20EF0BA}.Release|x86.ActiveCfg = Release|Any CPU
		{A09BE53A-9783-4CF0-B544-0B43C20EF0BA}.Release|x86.Build.0 = Release|Any CPU
	EndGlobalSection
	GlobalSection(NestedProjects) = preSolution
		{983DAC27-7406-4445-B246-CB51A7289155} = {8F499097-5B59-4843-BF9D-08F8783532EC}
		{A09BE53A-9783-4CF0-B544-0B43C20EF0BA} = {FFE64724-B055-4389-B527-A5FDC900E537}
	EndGlobalSection
EndGlobal
